
Microsoft Visual Studio Solution File, Format Version 12.00
# Visual Studio Version 17
VisualStudioVersion = 17.2.32616.157
MinimumVisualStudioVersion = 10.0.40219.1
Project("{FAE04EC0-301F-11D3-BF4B-00C04F79EFBC}") = "BlazorVideoChat", "BlazorVideoChat\BlazorVideoChat.csproj", "{BF4EC75D-D42D-43D0-8564-0D3939D75BEC}"
EndProject
Global
	GlobalSection(SolutionConfigurationPlatforms) = preSolution
		Debug|Any CPU = Debug|Any CPU
		Release|Any CPU = Release|Any CPU
	EndGlobalSection
	GlobalSection(ProjectConfigurationPlatforms) = postSolution
		{BF4EC75D-D42D-43D0-8564-0D3939D75BEC}.Debug|Any CPU.ActiveCfg = Debug|Any CPU
		{BF4EC75D-D42D-43D0-8564-0D3939D75BEC}.Debug|Any CPU.Build.0 = Debug|Any CPU
		{BF4EC75D-D42D-43D0-8564-0D3939D75BEC}.Release|Any CPU.ActiveCfg = Release|Any CPU
		{BF4EC75D-D42D-43D0-8564-0D3939D75BEC}.Release|Any CPU.Build.0 = Release|Any CPU
	EndGlobalSection
	GlobalSection(SolutionProperties) = preSolution
		HideSolutionNode = FALSE
	EndGlobalSection
	GlobalSection(ExtensibilityGlobals) = postSolution
		SolutionGuid = {568F0AC0-8031-42CA-8DEE-6CDB4BC155C8}
	EndGlobalSection
EndGlobal
